# THIS IS AN AUTOGENERATED FILE. DO NOT EDIT THIS FILE DIRECTLY.
# yarn lockfile v1


"@x_m/event-emitter@^0.1.2":
  version "0.1.2"
  resolved "https://registry.npmjs.org/@x_m/event-emitter/-/event-emitter-0.1.2.tgz#4d64f4c84e03b2282ac2483e5db2c969c9a97a3a"
  integrity sha512-PYSv8mvIWPCKgtGoz0f+Xy/SlZxjFWP7WuY5mR0OC3msLIlficZZz9vh8oG7DJMNN62prukQu63oh5MDoJd/eA==

"@x_m/interact@file:../interact":
  version "0.0.1"
  dependencies:
    "@x_m/event-emitter" "^0.1.2"
    lodash "^4.17.21"

gl-matrix@^3.4.3:
  version "3.4.3"
  resolved "https://registry.npmjs.org/gl-matrix/-/gl-matrix-3.4.3.tgz#fc1191e8320009fd4d20e9339595c6041ddc22c9"
  integrity sha512-wcCp8vu8FT22BnvKVPjXa/ICBWRq/zjFfdofZy1WSpQZpphblv12/bOQLBC1rMM7SGOFS9ltVmKOHil5+Ml7gA==

lodash@^4.17.21:
  version "4.17.21"
  resolved "https://registry.npmjs.org/lodash/-/lodash-4.17.21.tgz#679591c564c3bffaae8454cf0b3df370c3d6911c"
  integrity sha512-v2kDEe57lecTulaDIuNTPy3Ry4gLGJ6Z1O3vE1krgXZNrsQ+LFTGHVxVjcXPs17LhbZVGedAJv8XZ1tvj5FvSg==
